
Microsoft Visual Studio Solution File, Format Version 12.00
# Visual Studio Version 17
VisualStudioVersion = 17.7.34031.279
MinimumVisualStudioVersion = 10.0.40219.1
Project("{9A19103F-16F7-4668-BE54-9A1E7A4F7556}") = "WebScrapperService", "WebScrapper\WebScrapperService.csproj", "{D08537A0-71A6-44CC-9683-C8D8F20440B1}"
EndProject
Project("{2150E333-8FDC-42A3-9474-1A3956D46DE8}") = "JobOffersService", "JobOffersService", "{78405AD9-644F-4F3F-9F95-2910F54B48FF}"
EndProject
Project("{9A19103F-16F7-4668-BE54-9A1E7A4F7556}") = "JobOffersService", "JobOfferService\JobOffersService.csproj", "{3CC4460A-E340-43F9-B179-096823CD0961}"
EndProject
Project("{9A19103F-16F7-4668-BE54-9A1E7A4F7556}") = "JobOffersApiCore", "JobOffersApiCore\JobOffersApiCore.csproj", "{94ECC405-984E-4112-BBB0-35599D5E7716}"
EndProject
Project("{2150E333-8FDC-42A3-9474-1A3956D46DE8}") = "WebScrapperService", "WebScrapperService", "{EF54BF5E-5BD0-4439-9C9E-798AE62677D7}"
EndProject
Project("{2150E333-8FDC-42A3-9474-1A3956D46DE8}") = "JobOffersMapperService", "JobOffersMapperService", "{F2E5F6B5-3841-4732-AAD8-6F237159A148}"
EndProject
Project("{9A19103F-16F7-4668-BE54-9A1E7A4F7556}") = "JobOffersMapperService", "JobOffersMapperService\JobOffersMapperService.csproj", "{36F8628F-3E75-4DBA-908B-E9A160C5FBB3}"
EndProject
Project("{E53339B2-1760-4266-BCC7-CA923CBCF16C}") = "docker-compose", "docker-compose.dcproj", "{BA417AE7-C9A4-431B-8C29-4DA983F2AFAD}"
EndProject
Project("{9A19103F-16F7-4668-BE54-9A1E7A4F7556}") = "JobOffersMapperServiceTests", "JobOffersMapperServiceTests\JobOffersMapperServiceTests.csproj", "{41A12CD4-1C67-4B22-BEB9-71C15ECE9F48}"
EndProject
Project("{9A19103F-16F7-4668-BE54-9A1E7A4F7556}") = "JobOfferServiceTests", "JobOfferServiceTests\JobOfferServiceTests.csproj", "{645CBF06-F4A5-486C-9841-ECAB0989D956}"
EndProject
Project("{9A19103F-16F7-4668-BE54-9A1E7A4F7556}") = "WebScrapperTests", "WebScrapperTests\WebScrapperTests.csproj", "{AC403568-DF86-4253-81B5-09873A022855}"
EndProject
Project("{2150E333-8FDC-42A3-9474-1A3956D46DE8}") = "JobOffersApiCore", "JobOffersApiCore", "{186F575B-5F3D-4C7A-8EE5-DE7A2D437799}"
EndProject
Project("{9A19103F-16F7-4668-BE54-9A1E7A4F7556}") = "JobOffersApiCoreTests", "JobOffersApiCoreTests\JobOffersApiCoreTests.csproj", "{1787E847-B668-4114-BECF-97FFA75C7A03}"
EndProject
Project("{9A19103F-16F7-4668-BE54-9A1E7A4F7556}") = "UsersService", "UsersService\UsersService.csproj", "{2C875743-C085-4316-B29F-0689EE3C4302}"
EndProject
Project("{2150E333-8FDC-42A3-9474-1A3956D46DE8}") = "UsersService", "UsersService", "{349E37CC-2A9B-4885-9031-E5BA9FFA04C2}"
EndProject
Project("{9A19103F-16F7-4668-BE54-9A1E7A4F7556}") = "UsersServiceTests", "UsersServiceTests\UsersServiceTests.csproj", "{FCAFD0A0-D13C-4206-B669-F0D7CA6093C7}"
EndProject
Project("{9A19103F-16F7-4668-BE54-9A1E7A4F7556}") = "OffersAndUsersDatabaseMigratorService", "OffersAndUsersDatabaseMigratorService\OffersAndUsersDatabaseMigratorService.csproj", "{105FCB37-9FD3-4084-93CA-0181200572C6}"
EndProject
Project("{2150E333-8FDC-42A3-9474-1A3956D46DE8}") = "MailSendingService", "MailSendingService", "{6FC9E8B2-E276-4705-921B-7DFDDB8E1376}"
EndProject
Project("{9A19103F-16F7-4668-BE54-9A1E7A4F7556}") = "MailSedningService", "MailSedningService\MailSedningService.csproj", "{B60A874A-8B93-4966-A116-A6F170D4E9AB}"
EndProject
Project("{FAE04EC0-301F-11D3-BF4B-00C04F79EFBC}") = "MailSendingServiceTests", "MailSendingServiceTests\MailSendingServiceTests.csproj", "{1D1FC451-791D-4528-B755-12BE0A02BC0D}"
EndProject
Global
	GlobalSection(SolutionConfigurationPlatforms) = preSolution
		Debug|Any CPU = Debug|Any CPU
		Release|Any CPU = Release|Any CPU
	EndGlobalSection
	GlobalSection(ProjectConfigurationPlatforms) = postSolution
		{D08537A0-71A6-44CC-9683-C8D8F20440B1}.Debug|Any CPU.ActiveCfg = Debug|Any CPU
		{D08537A0-71A6-44CC-9683-C8D8F20440B1}.Debug|Any CPU.Build.0 = Debug|Any CPU
		{D08537A0-71A6-44CC-9683-C8D8F20440B1}.Release|Any CPU.ActiveCfg = Release|Any CPU
		{D08537A0-71A6-44CC-9683-C8D8F20440B1}.Release|Any CPU.Build.0 = Release|Any CPU
		{3CC4460A-E340-43F9-B179-096823CD0961}.Debug|Any CPU.ActiveCfg = Debug|Any CPU
		{3CC4460A-E340-43F9-B179-096823CD0961}.Debug|Any CPU.Build.0 = Debug|Any CPU
		{3CC4460A-E340-43F9-B179-096823CD0961}.Release|Any CPU.ActiveCfg = Release|Any CPU
		{3CC4460A-E340-43F9-B179-096823CD0961}.Release|Any CPU.Build.0 = Release|Any CPU
		{94ECC405-984E-4112-BBB0-35599D5E7716}.Debug|Any CPU.ActiveCfg = Debug|Any CPU
		{94ECC405-984E-4112-BBB0-35599D5E7716}.Debug|Any CPU.Build.0 = Debug|Any CPU
		{94ECC405-984E-4112-BBB0-35599D5E7716}.Release|Any CPU.ActiveCfg = Release|Any CPU
		{94ECC405-984E-4112-BBB0-35599D5E7716}.Release|Any CPU.Build.0 = Release|Any CPU
		{36F8628F-3E75-4DBA-908B-E9A160C5FBB3}.Debug|Any CPU.ActiveCfg = Debug|Any CPU
		{36F8628F-3E75-4DBA-908B-E9A160C5FBB3}.Debug|Any CPU.Build.0 = Debug|Any CPU
		{36F8628F-3E75-4DBA-908B-E9A160C5FBB3}.Release|Any CPU.ActiveCfg = Release|Any CPU
		{36F8628F-3E75-4DBA-908B-E9A160C5FBB3}.Release|Any CPU.Build.0 = Release|Any CPU
		{BA417AE7-C9A4-431B-8C29-4DA983F2AFAD}.Debug|Any CPU.ActiveCfg = Debug|Any CPU
		{BA417AE7-C9A4-431B-8C29-4DA983F2AFAD}.Debug|Any CPU.Build.0 = Debug|Any CPU
		{BA417AE7-C9A4-431B-8C29-4DA983F2AFAD}.Release|Any CPU.ActiveCfg = Release|Any CPU
		{BA417AE7-C9A4-431B-8C29-4DA983F2AFAD}.Release|Any CPU.Build.0 = Release|Any CPU
		{41A12CD4-1C67-4B22-BEB9-71C15ECE9F48}.Debug|Any CPU.ActiveCfg = Debug|Any CPU
		{41A12CD4-1C67-4B22-BEB9-71C15ECE9F48}.Debug|Any CPU.Build.0 = Debug|Any CPU
		{41A12CD4-1C67-4B22-BEB9-71C15ECE9F48}.Release|Any CPU.ActiveCfg = Release|Any CPU
		{41A12CD4-1C67-4B22-BEB9-71C15ECE9F48}.Release|Any CPU.Build.0 = Release|Any CPU
		{645CBF06-F4A5-486C-9841-ECAB0989D956}.Debug|Any CPU.ActiveCfg = Debug|Any CPU
		{645CBF06-F4A5-486C-9841-ECAB0989D956}.Debug|Any CPU.Build.0 = Debug|Any CPU
		{645CBF06-F4A5-486C-9841-ECAB0989D956}.Release|Any CPU.ActiveCfg = Release|Any CPU
		{645CBF06-F4A5-486C-9841-ECAB0989D956}.Release|Any CPU.Build.0 = Release|Any CPU
		{AC403568-DF86-4253-81B5-09873A022855}.Debug|Any CPU.ActiveCfg = Debug|Any CPU
		{AC403568-DF86-4253-81B5-09873A022855}.Debug|Any CPU.Build.0 = Debug|Any CPU
		{AC403568-DF86-4253-81B5-09873A022855}.Release|Any CPU.ActiveCfg = Release|Any CPU
		{AC403568-DF86-4253-81B5-09873A022855}.Release|Any CPU.Build.0 = Release|Any CPU
		{1787E847-B668-4114-BECF-97FFA75C7A03}.Debug|Any CPU.ActiveCfg = Debug|Any CPU
		{1787E847-B668-4114-BECF-97FFA75C7A03}.Debug|Any CPU.Build.0 = Debug|Any CPU
		{1787E847-B668-4114-BECF-97FFA75C7A03}.Release|Any CPU.ActiveCfg = Release|Any CPU
		{1787E847-B668-4114-BECF-97FFA75C7A03}.Release|Any CPU.Build.0 = Release|Any CPU
		{2C875743-C085-4316-B29F-0689EE3C4302}.Debug|Any CPU.ActiveCfg = Debug|Any CPU
		{2C875743-C085-4316-B29F-0689EE3C4302}.Debug|Any CPU.Build.0 = Debug|Any CPU
		{2C875743-C085-4316-B29F-0689EE3C4302}.Release|Any CPU.ActiveCfg = Release|Any CPU
		{2C875743-C085-4316-B29F-0689EE3C4302}.Release|Any CPU.Build.0 = Release|Any CPU
		{FCAFD0A0-D13C-4206-B669-F0D7CA6093C7}.Debug|Any CPU.ActiveCfg = Debug|Any CPU
		{FCAFD0A0-D13C-4206-B669-F0D7CA6093C7}.Debug|Any CPU.Build.0 = Debug|Any CPU
		{FCAFD0A0-D13C-4206-B669-F0D7CA6093C7}.Release|Any CPU.ActiveCfg = Release|Any CPU
		{FCAFD0A0-D13C-4206-B669-F0D7CA6093C7}.Release|Any CPU.Build.0 = Release|Any CPU
		{105FCB37-9FD3-4084-93CA-0181200572C6}.Debug|Any CPU.ActiveCfg = Debug|Any CPU
		{105FCB37-9FD3-4084-93CA-0181200572C6}.Debug|Any CPU.Build.0 = Debug|Any CPU
		{105FCB37-9FD3-4084-93CA-0181200572C6}.Release|Any CPU.ActiveCfg = Release|Any CPU
		{105FCB37-9FD3-4084-93CA-0181200572C6}.Release|Any CPU.Build.0 = Release|Any CPU
		{B60A874A-8B93-4966-A116-A6F170D4E9AB}.Debug|Any CPU.ActiveCfg = Debug|Any CPU
		{B60A874A-8B93-4966-A116-A6F170D4E9AB}.Debug|Any CPU.Build.0 = Debug|Any CPU
		{B60A874A-8B93-4966-A116-A6F170D4E9AB}.Release|Any CPU.ActiveCfg = Release|Any CPU
		{B60A874A-8B93-4966-A116-A6F170D4E9AB}.Release|Any CPU.Build.0 = Release|Any CPU
		{1D1FC451-791D-4528-B755-12BE0A02BC0D}.Debug|Any CPU.ActiveCfg = Debug|Any CPU
		{1D1FC451-791D-4528-B755-12BE0A02BC0D}.Debug|Any CPU.Build.0 = Debug|Any CPU
		{1D1FC451-791D-4528-B755-12BE0A02BC0D}.Release|Any CPU.ActiveCfg = Release|Any CPU
		{1D1FC451-791D-4528-B755-12BE0A02BC0D}.Release|Any CPU.Build.0 = Release|Any CPU
	EndGlobalSection
	GlobalSection(SolutionProperties) = preSolution
		HideSolutionNode = FALSE
	EndGlobalSection
	GlobalSection(NestedProjects) = preSolution
		{D08537A0-71A6-44CC-9683-C8D8F20440B1} = {EF54BF5E-5BD0-4439-9C9E-798AE62677D7}
		{3CC4460A-E340-43F9-B179-096823CD0961} = {78405AD9-644F-4F3F-9F95-2910F54B48FF}
		{94ECC405-984E-4112-BBB0-35599D5E7716} = {186F575B-5F3D-4C7A-8EE5-DE7A2D437799}
		{36F8628F-3E75-4DBA-908B-E9A160C5FBB3} = {F2E5F6B5-3841-4732-AAD8-6F237159A148}
		{41A12CD4-1C67-4B22-BEB9-71C15ECE9F48} = {F2E5F6B5-3841-4732-AAD8-6F237159A148}
		{645CBF06-F4A5-486C-9841-ECAB0989D956} = {78405AD9-644F-4F3F-9F95-2910F54B48FF}
		{AC403568-DF86-4253-81B5-09873A022855} = {EF54BF5E-5BD0-4439-9C9E-798AE62677D7}
		{1787E847-B668-4114-BECF-97FFA75C7A03} = {186F575B-5F3D-4C7A-8EE5-DE7A2D437799}
		{2C875743-C085-4316-B29F-0689EE3C4302} = {349E37CC-2A9B-4885-9031-E5BA9FFA04C2}
		{FCAFD0A0-D13C-4206-B669-F0D7CA6093C7} = {349E37CC-2A9B-4885-9031-E5BA9FFA04C2}
		{B60A874A-8B93-4966-A116-A6F170D4E9AB} = {6FC9E8B2-E276-4705-921B-7DFDDB8E1376}
		{1D1FC451-791D-4528-B755-12BE0A02BC0D} = {6FC9E8B2-E276-4705-921B-7DFDDB8E1376}
	EndGlobalSection
	GlobalSection(ExtensibilityGlobals) = postSolution
		SolutionGuid = {302C81D0-E9D8-4ADB-B2D4-8155C79FDC67}
	EndGlobalSection
EndGlobal
